
Microsoft Visual Studio Solution File, Format Version 12.00
# Visual Studio Version 17
VisualStudioVersion = 17.5.33516.290
MinimumVisualStudioVersion = 10.0.40219.1
Project("{9A19103F-16F7-4668-BE54-9A1E7A4F7556}") = "PrimaryWeb", "PrimaryWeb\PrimaryWeb.csproj", "{97508BC0-A6FE-43FA-B00F-6BA5D64B2323}"
EndProject
Global
	GlobalSection(SolutionConfigurationPlatforms) = preSolution
		Debug|Any CPU = Debug|Any CPU
		Release|Any CPU = Release|Any CPU
	EndGlobalSection
	GlobalSection(ProjectConfigurationPlatforms) = postSolution
		{97508BC0-A6FE-43FA-B00F-6BA5D64B2323}.Debug|Any CPU.ActiveCfg = Debug|Any CPU
		{97508BC0-A6FE-43FA-B00F-6BA5D64B2323}.Debug|Any CPU.Build.0 = Debug|Any CPU
		{97508BC0-A6FE-43FA-B00F-6BA5D64B2323}.Release|Any CPU.ActiveCfg = Release|Any CPU
		{97508BC0-A6FE-43FA-B00F-6BA5D64B2323}.Release|Any CPU.Build.0 = Release|Any CPU
	EndGlobalSection
	GlobalSection(SolutionProperties) = preSolution
		HideSolutionNode = FALSE
	EndGlobalSection
	GlobalSection(ExtensibilityGlobals) = postSolution
		SolutionGuid = {FBCEB1C3-9B74-4B34-B4CB-0769DDA95336}
	EndGlobalSection
EndGlobal
